// !$*UTF8*$!
{
	archiveVersion = 1;
	classes = {
	};
	objectVersion = 50;
	objects = {

/* Begin PBXBuildFile section */
		C7182E0F210AE70900340D5F /* AppDelegate.swift in Sources */ = {isa = PBXBuildFile; fileRef = C7182E0E210AE70900340D5F /* AppDelegate.swift */; };
		C7182E11210AE70900340D5F /* ViewController.swift in Sources */ = {isa = PBXBuildFile; fileRef = C7182E10210AE70900340D5F /* ViewController.swift */; };
		C7182E14210AE70900340D5F /* Main.storyboard in Resources */ = {isa = PBXBuildFile; fileRef = C7182E12210AE70900340D5F /* Main.storyboard */; };
		C7182E16210AE70A00340D5F /* Assets.xcassets in Resources */ = {isa = PBXBuildFile; fileRef = C7182E15210AE70A00340D5F /* Assets.xcassets */; };
		C7182E19210AE70A00340D5F /* LaunchScreen.storyboard in Resources */ = {isa = PBXBuildFile; fileRef = C7182E17210AE70A00340D5F /* LaunchScreen.storyboard */; };
		C7182E21210AE73B00340D5F /* Superhero.swift in Sources */ = {isa = PBXBuildFile; fileRef = C7182E20210AE73B00340D5F /* Superhero.swift */; };
		C7182E23210AE82600340D5F /* SuperheroTableViewController.swift in Sources */ = {isa = PBXBuildFile; fileRef = C7182E22210AE82600340D5F /* SuperheroTableViewController.swift */; };
		C7182E25210AF8A500340D5F /* SuperheroCell.swift in Sources */ = {isa = PBXBuildFile; fileRef = C7182E24210AF8A500340D5F /* SuperheroCell.swift */; };
/* End PBXBuildFile section */

/* Begin PBXFileReference section */
		C7182E0B210AE70900340D5F /* SuperHeroTableViewApp.app */ = {isa = PBXFileReference; explicitFileType = wrapper.application; includeInIndex = 0; path = SuperHeroTableViewApp.app; sourceTree = BUILT_PRODUCTS_DIR; };
		C7182E0E210AE70900340D5F /* AppDelegate.swift */ = {isa = PBXFileReference; lastKnownFileType = sourcecode.swift; path = AppDelegate.swift; sourceTree = "<group>"; };
		C7182E10210AE70900340D5F /* ViewController.swift */ = {isa = PBXFileReference; lastKnownFileType = sourcecode.swift; path = ViewController.swift; sourceTree = "<group>"; };
		C7182E13210AE70900340D5F /* Base */ = {isa = PBXFileReference; lastKnownFileType = file.storyboard; name = Base; path = Base.lproj/Main.storyboard; sourceTree = "<group>"; };
		C7182E15210AE70A00340D5F /* Assets.xcassets */ = {isa = PBXFileReference; lastKnownFileType = folder.assetcatalog; path = Assets.xcassets; sourceTree = "<group>"; };
		C7182E18210AE70A00340D5F /* Base */ = {isa = PBXFileReference; lastKnownFileType = file.storyboard; name = Base; path = Base.lproj/LaunchScreen.storyboard; sourceTree = "<group>"; };
		C7182E1A210AE70A00340D5F /* Info.plist */ = {isa = PBXFileReference; lastKnownFileType = text.plist.xml; path = Info.plist; sourceTree = "<group>"; };
		C7182E20210AE73B00340D5F /* Superhero.swift */ = {isa = PBXFileReference; lastKnownFileType = sourcecode.swift; path = Superhero.swift; sourceTree = "<group>"; };
		C7182E22210AE82600340D5F /* SuperheroTableViewController.swift */ = {isa = PBXFileReference; lastKnownFileType = sourcecode.swift; path = SuperheroTableViewController.swift; sourceTree = "<group>"; };
		C7182E24210AF8A500340D5F /* SuperheroCell.swift */ = {isa = PBXFileReference; lastKnownFileType = sourcecode.swift; path = SuperheroCell.swift; sourceTree = "<group>"; };
/* End PBXFileReference section */

/* Begin PBXFrameworksBuildPhase section */
		C7182E08210AE70900340D5F /* Frameworks */ = {
			isa = PBXFrameworksBuildPhase;
			buildActionMask = 2147483647;
			files = (
			);
			runOnlyForDeploymentPostprocessing = 0;
		};
/* End PBXFrameworksBuildPhase section */

/* Begin PBXGroup section */
		C7182E02210AE70900340D5F = {
			isa = PBXGroup;
			children = (
				C7182E0D210AE70900340D5F /* SuperHeroTableViewApp */,
				C7182E0C210AE70900340D5F /* Products */,
			);
			sourceTree = "<group>";
		};
		C7182E0C210AE70900340D5F /* Products */ = {
			isa = PBXGroup;
			children = (
				C7182E0B210AE70900340D5F /* SuperHeroTableViewApp.app */,
			);
			name = Products;
			sourceTree = "<group>";
		};
		C7182E0D210AE70900340D5F /* SuperHeroTableViewApp */ = {
			isa = PBXGroup;
			children = (
				C7182E0E210AE70900340D5F /* AppDelegate.swift */,
				C7182E10210AE70900340D5F /* ViewController.swift */,
				C7182E12210AE70900340D5F /* Main.storyboard */,
				C7182E15210AE70A00340D5F /* Assets.xcassets */,
				C7182E17210AE70A00340D5F /* LaunchScreen.storyboard */,
				C7182E1A210AE70A00340D5F /* Info.plist */,
				C7182E20210AE73B00340D5F /* Superhero.swift */,
				C7182E22210AE82600340D5F /* SuperheroTableViewController.swift */,
				C7182E24210AF8A500340D5F /* SuperheroCell.swift */,
			);
			path = SuperHeroTableViewApp;
			sourceTree = "<group>";
		};
/* End PBXGroup section */

/* Begin PBXNativeTarget section */
		C7182E0A210AE70900340D5F /* SuperHeroTableViewApp */ = {
			isa = PBXNativeTarget;
			buildConfigurationList = C7182E1D210AE70A00340D5F /* Build configuration list for PBXNativeTarget "SuperHeroTableViewApp" */;
			buildPhases = (
				C7182E07210AE70900340D5F /* Sources */,
				C7182E08210AE70900340D5F /* Frameworks */,
				C7182E09210AE70900340D5F /* Resources */,
			);
			buildRules = (
			);
			dependencies = (
			);
			name = SuperHeroTableViewApp;
			productName = SuperHeroTableViewApp;
			productReference = C7182E0B210AE70900340D5F /* SuperHeroTableViewApp.app */;
			productType = "com.apple.product-type.application";
		};
/* End PBXNativeTarget section */

/* Begin PBXProject section */
		C7182E03210AE70900340D5F /* Project object */ = {
			isa = PBXProject;
			attributes = {
				LastSwiftUpdateCheck = 0940;
				LastUpgradeCheck = 0940;
				ORGANIZATIONNAME = "Brian Voong";
				TargetAttributes = {
					C7182E0A210AE70900340D5F = {
						CreatedOnToolsVersion = 9.4.1;
					};
				};
			};
			buildConfigurationList = C7182E06210AE70900340D5F /* Build configuration list for PBXProject "SuperHeroTableViewApp" */;
			compatibilityVersion = "Xcode 9.3";
			developmentRegion = en;
			hasScannedForEncodings = 0;
			knownRegions = (
				en,
				Base,
			);
			mainGroup = C7182E02210AE70900340D5F;
			productRefGroup = C7182E0C210AE70900340D5F /* Products */;
			projectDirPath = "";
			projectRoot = "";
			targets = (
				C7182E0A210AE70900340D5F /* SuperHeroTableViewApp */,
			);
		};
/* End PBXProject section */

/* Begin PBXResourcesBuildPhase section */
		C7182E09210AE70900340D5F /* Resources */ = {
			isa = PBXResourcesBuildPhase;
			buildActionMask = 2147483647;
			files = (
				C7182E19210AE70A00340D5F /* LaunchScreen.storyboard in Resources */,
				C7182E16210AE70A00340D5F /* Assets.xcassets in Resources */,
				C7182E14210AE70900340D5F /* Main.storyboard in Resources */,
			);
			runOnlyForDeploymentPostprocessing = 0;
		};
/* End PBXResourcesBuildPhase section */

/* Begin PBXSourcesBuildPhase section */
		C7182E07210AE70900340D5F /* Sources */ = {
			isa = PBXSourcesBuildPhase;
			buildActionMask = 2147483647;
			files = (
				C7182E11210AE70900340D5F /* ViewController.swift in Sources */,
				C7182E23210AE82600340D5F /* SuperheroTableViewController.swift in Sources */,
				C7182E25210AF8A500340D5F /* SuperheroCell.swift in Sources */,
				C7182E0F210AE70900340D5F /* AppDelegate.swift in Sources */,
				C7182E21210AE73B00340D5F /* Superhero.swift in Sources */,
			);
			runOnlyForDeploymentPostprocessing = 0;
		};
/* End PBXSourcesBuildPhase section */

/* Begin PBXVariantGroup section */
		C7182E12210AE70900340D5F /* Main.storyboard */ = {
			isa = PBXVariantGroup;
			children = (
				C7182E13210AE70900340D5F /* Base */,
			);
			name = Main.storyboard;
			sourceTree = "<group>";
		};
		C7182E17210AE70A00340D5F /* LaunchScreen.storyboard */ = {
			isa = PBXVariantGroup;
			children = (
				C7182E18210AE70A00340D5F /* Base */,
			);
			name = LaunchScreen.storyboard;
			sourceTree = "<group>";
		};
/* End PBXVariantGroup section */

/* Begin XCBuildConfiguration section */
		C7182E1B210AE70A00340D5F /* Debug */ = {
			isa = XCBuildConfiguration;
			buildSettings = {
				ALWAYS_SEARCH_USER_PATHS = NO;
				CLANG_ANALYZER_NONNULL = YES;
				CLANG_ANALYZER_NUMBER_OBJECT_CONVERSION = YES_AGGRESSIVE;
				CLANG_CXX_LANGUAGE_STANDARD = "gnu++14";
				CLANG_CXX_LIBRARY = "libc++";
				CLANG_ENABLE_MODULES = YES;
				CLANG_ENABLE_OBJC_ARC = YES;
				CLANG_ENABLE_OBJC_WEAK = YES;
				CLANG_WARN_BLOCK_CAPTURE_AUTORELEASING = YES;
				CLANG_WARN_BOOL_CONVERSION = YES;
				CLANG_WARN_COMMA = YES;
				CLANG_WARN_CONSTANT_CONVERSION = YES;
				CLANG_WARN_DEPRECATED_OBJC_IMPLEMENTATIONS = YES;
				CLANG_WARN_DIRECT_OBJC_ISA_USAGE = YES_ERROR;
				CLANG_WARN_DOCUMENTATION_COMMENTS = YES;
				CLANG_WARN_EMPTY_BODY = YES;
				CLANG_WARN_ENUM_CONVERSION = YES;
				CLANG_WARN_INFINITE_RECURSION = YES;
				CLANG_WARN_INT_CONVERSION = YES;
				CLANG_WARN_NON_LITERAL_NULL_CONVERSION = YES;
				CLANG_WARN_OBJC_IMPLICIT_RETAIN_SELF = YES;
				CLANG_WARN_OBJC_LITERAL_CONVERSION = YES;
				CLANG_WARN_OBJC_ROOT_CLASS = YES_ERROR;
				CLANG_WARN_RANGE_LOOP_ANALYSIS = YES;
				CLANG_WARN_STRICT_PROTOTYPES = YES;
				CLANG_WARN_SUSPICIOUS_MOVE = YES;
				CLANG_WARN_UNGUARDED_AVAILABILITY = YES_AGGRESSIVE;
				CLANG_WARN_UNREACHABLE_CODE = YES;
				CLANG_WARN__DUPLICATE_METHOD_MATCH = YES;
				CODE_SIGN_IDENTITY = "iPhone Developer";
				COPY_PHASE_STRIP = NO;
				DEBUG_INFORMATION_FORMAT = dwarf;
				ENABLE_STRICT_OBJC_MSGSEND = YES;
				ENABLE_TESTABILITY = YES;
				GCC_C_LANGUAGE_STANDARD = gnu11;
				GCC_DYNAMIC_NO_PIC = NO;
				GCC_NO_COMMON_BLOCKS = YES;
				GCC_OPTIMIZATION_LEVEL = 0;
				GCC_PREPROCESSOR_DEFINITIONS = (
					"DEBUG=1",
					"$(inherited)",
				);
				GCC_WARN_64_TO_32_BIT_CONVERSION = YES;
				GCC_WARN_ABOUT_RETURN_TYPE = YES_ERROR;
				GCC_WARN_UNDECLARED_SELECTOR = YES;
				GCC_WARN_UNINITIALIZED_AUTOS = YES_AGGRESSIVE;
				GCC_WARN_UNUSED_FUNCTION = YES;
				GCC_WARN_UNUSED_VARIABLE = YES;
				IPHONEOS_DEPLOYMENT_TARGET = 11.4;
				MTL_ENABLE_DEBUG_INFO = YES;
				ONLY_ACTIVE_ARCH = YES;
				SDKROOT = iphoneos;
				SWIFT_ACTIVE_COMPILATION_CONDITIONS = DEBUG;
				SWIFT_OPTIMIZATION_LEVEL = "-Onone";
			};
			name = Debug;
		};
		C7182E1C210AE70A00340D5F /* Release */ = {
			isa = XCBuildConfiguration;
			buildSettings = {
				ALWAYS_SEARCH_USER_PATHS = NO;
				CLANG_ANALYZER_NONNULL = YES;
				CLANG_ANALYZER_NUMBER_OBJECT_CONVERSION = YES_AGGRESSIVE;
				CLANG_CXX_LANGUAGE_STANDARD = "gnu++14";
				CLANG_CXX_LIBRARY = "libc++";
				CLANG_ENABLE_MODULES = YES;
				CLANG_ENABLE_OBJC_ARC = YES;
				CLANG_ENABLE_OBJC_WEAK = YES;
				CLANG_WARN_BLOCK_CAPTURE_AUTORELEASING = YES;
				CLANG_WARN_BOOL_CONVERSION = YES;
				CLANG_WARN_COMMA = YES;
				CLANG_WARN_CONSTANT_CONVERSION = YES;
				CLANG_WARN_DEPRECATED_OBJC_IMPLEMENTATIONS = YES;
				CLANG_WARN_DIRECT_OBJC_ISA_USAGE = YES_ERROR;
				CLANG_WARN_DOCUMENTATION_COMMENTS = YES;
				CLANG_WARN_EMPTY_BODY = YES;
				CLANG_WARN_ENUM_CONVERSION = YES;
				CLANG_WARN_INFINITE_RECURSION = YES;
				CLANG_WARN_INT_CONVERSION = YES;
				CLANG_WARN_NON_LITERAL_NULL_CONVERSION = YES;
				CLANG_WARN_OBJC_IMPLICIT_RETAIN_SELF = YES;
				CLANG_WARN_OBJC_LITERAL_CONVERSION = YES;
				CLANG_WARN_OBJC_ROOT_CLASS = YES_ERROR;
				CLANG_WARN_RANGE_LOOP_ANALYSIS = YES;
				CLANG_WARN_STRICT_PROTOTYPES = YES;
				CLANG_WARN_SUSPICIOUS_MOVE = YES;
				CLANG_WARN_UNGUARDED_AVAILABILITY = YES_AGGRESSIVE;
				CLANG_WARN_UNREACHABLE_CODE = YES;
				CLANG_WARN__DUPLICATE_METHOD_MATCH = YES;
				CODE_SIGN_IDENTITY = "iPhone Developer";
				COPY_PHASE_STRIP = NO;
				DEBUG_INFORMATION_FORMAT = "dwarf-with-dsym";
				ENABLE_NS_ASSERTIONS = NO;
				ENABLE_STRICT_OBJC_MSGSEND = YES;
				GCC_C_LANGUAGE_STANDARD = gnu11;
				GCC_NO_COMMON_BLOCKS = YES;
				GCC_WARN_64_TO_32_BIT_CONVERSION = YES;
				GCC_WARN_ABOUT_RETURN_TYPE = YES_ERROR;
				GCC_WARN_UNDECLARED_SELECTOR = YES;
				GCC_WARN_UNINITIALIZED_AUTOS = YES_AGGRESSIVE;
				GCC_WARN_UNUSED_FUNCTION = YES;
				GCC_WARN_UNUSED_VARIABLE = YES;
				IPHONEOS_DEPLOYMENT_TARGET = 11.4;
				MTL_ENABLE_DEBUG_INFO = NO;
				SDKROOT = iphoneos;
				SWIFT_COMPILATION_MODE = wholemodule;
				SWIFT_OPTIMIZATION_LEVEL = "-O";
				VALIDATE_PRODUCT = YES;
			};
			name = Release;
		};
		C7182E1E210AE70A00340D5F /* Debug */ = {
			isa = XCBuildConfiguration;
			buildSettings = {
				ASSETCATALOG_COMPILER_APPICON_NAME = AppIcon;
				CODE_SIGN_STYLE = Automatic;
				INFOPLIST_FILE = SuperHeroTableViewApp/Info.plist;
				LD_RUNPATH_SEARCH_PATHS = (
					"$(inherited)",
					"@executable_path/Frameworks",
				);
				PRODUCT_BUNDLE_IDENTIFIER = com.techx.SuperHeroTableViewApp;
				PRODUCT_NAME = "$(TARGET_NAME)";
				SWIFT_VERSION = 4.0;
				TARGETED_DEVICE_FAMILY = "1,2";
			};
			name = Debug;
		};
		C7182E1F210AE70A00340D5F /* Release */ = {
			isa = XCBuildConfiguration;
			buildSettings = {
				ASSETCATALOG_COMPILER_APPICON_NAME = AppIcon;
				CODE_SIGN_STYLE = Automatic;
				INFOPLIST_FILE = SuperHeroTableViewApp/Info.plist;
				LD_RUNPATH_SEARCH_PATHS = (
					"$(inherited)",
					"@executable_path/Frameworks",
				);
				PRODUCT_BUNDLE_IDENTIFIER = com.techx.SuperHeroTableViewApp;
				PRODUCT_NAME = "$(TARGET_NAME)";
				SWIFT_VERSION = 4.0;
				TARGETED_DEVICE_FAMILY = "1,2";
			};
			name = Release;
		};
/* End XCBuildConfiguration section */

/* Begin XCConfigurationList section */
		C7182E06210AE70900340D5F /* Build configuration list for PBXProject "SuperHeroTableViewApp" */ = {
			isa = XCConfigurationList;
			buildConfigurations = (
				C7182E1B210AE70A00340D5F /* Debug */,
				C7182E1C210AE70A00340D5F /* Release */,
			);
			defaultConfigurationIsVisible = 0;
			defaultConfigurationName = Release;
		};
		C7182E1D210AE70A00340D5F /* Build configuration list for PBXNativeTarget "SuperHeroTableViewApp" */ = {
			isa = XCConfigurationList;
			buildConfigurations = (
				C7182E1E210AE70A00340D5F /* Debug */,
				C7182E1F210AE70A00340D5F /* Release */,
			);
			defaultConfigurationIsVisible = 0;
			defaultConfigurationName = Release;
		};
/* End XCConfigurationList section */
	};
	rootObject = C7182E03210AE70900340D5F /* Project object */;
}
